
Microsoft Visual Studio Solution File, Format Version 12.00
# Visual Studio Version 17
VisualStudioVersion = 17.14.36429.23
MinimumVisualStudioVersion = 10.0.40219.1
Project("{FAE04EC0-301F-11D3-BF4B-00C04F79EFBC}") = "EVServiceCenter.API", "EVServiceCenter.API\EVServiceCenter.API.csproj", "{F9568967-9DB2-4183-9EC4-9351E67C3802}"
EndProject
Project("{FAE04EC0-301F-11D3-BF4B-00C04F79EFBC}") = "EVServiceCenter.Core", "EVServiceCenter.Core\EVServiceCenter.Core.csproj", "{EB48D540-0D0F-4A5F-9517-13DA8632A850}"
EndProject
Project("{FAE04EC0-301F-11D3-BF4B-00C04F79EFBC}") = "EVServiceCenter.Infrastructure", "EVServiceCenter.Infrastructure\EVServiceCenter.Infrastructure.csproj", "{593C7973-D4E4-4335-AD65-D70176FE68F9}"
EndProject
Project("{FAE04EC0-301F-11D3-BF4B-00C04F79EFBC}") = "EVServiceCenter.Tests", "EVServiceCenter.Tests\EVServiceCenter.Tests.csproj", "{8BF3DF96-D6CD-4D5D-B3CB-A2F11D04364F}"
EndProject
Project("{2150E333-8FDC-42A3-9474-1A3956D46DE8}") = "Solution Items", "Solution Items", "{8EC462FD-D22E-90A8-E5CE-7E832BA40C5D}"
	ProjectSection(SolutionItems) = preProject
		.gitignore = .gitignore
	EndProjectSection
EndProject
Global
	GlobalSection(SolutionConfigurationPlatforms) = preSolution
		Debug|Any CPU = Debug|Any CPU
		Release|Any CPU = Release|Any CPU
	EndGlobalSection
	GlobalSection(ProjectConfigurationPlatforms) = postSolution
		{F9568967-9DB2-4183-9EC4-9351E67C3802}.Debug|Any CPU.ActiveCfg = Debug|Any CPU
		{F9568967-9DB2-4183-9EC4-9351E67C3802}.Debug|Any CPU.Build.0 = Debug|Any CPU
		{F9568967-9DB2-4183-9EC4-9351E67C3802}.Release|Any CPU.ActiveCfg = Release|Any CPU
		{F9568967-9DB2-4183-9EC4-9351E67C3802}.Release|Any CPU.Build.0 = Release|Any CPU
		{EB48D540-0D0F-4A5F-9517-13DA8632A850}.Debug|Any CPU.ActiveCfg = Debug|Any CPU
		{EB48D540-0D0F-4A5F-9517-13DA8632A850}.Debug|Any CPU.Build.0 = Debug|Any CPU
		{EB48D540-0D0F-4A5F-9517-13DA8632A850}.Release|Any CPU.ActiveCfg = Release|Any CPU
		{EB48D540-0D0F-4A5F-9517-13DA8632A850}.Release|Any CPU.Build.0 = Release|Any CPU
		{593C7973-D4E4-4335-AD65-D70176FE68F9}.Debug|Any CPU.ActiveCfg = Debug|Any CPU
		{593C7973-D4E4-4335-AD65-D70176FE68F9}.Debug|Any CPU.Build.0 = Debug|Any CPU
		{593C7973-D4E4-4335-AD65-D70176FE68F9}.Release|Any CPU.ActiveCfg = Release|Any CPU
		{593C7973-D4E4-4335-AD65-D70176FE68F9}.Release|Any CPU.Build.0 = Release|Any CPU
		{8BF3DF96-D6CD-4D5D-B3CB-A2F11D04364F}.Debug|Any CPU.ActiveCfg = Debug|Any CPU
		{8BF3DF96-D6CD-4D5D-B3CB-A2F11D04364F}.Debug|Any CPU.Build.0 = Debug|Any CPU
		{8BF3DF96-D6CD-4D5D-B3CB-A2F11D04364F}.Release|Any CPU.ActiveCfg = Release|Any CPU
		{8BF3DF96-D6CD-4D5D-B3CB-A2F11D04364F}.Release|Any CPU.Build.0 = Release|Any CPU
	EndGlobalSection
	GlobalSection(SolutionProperties) = preSolution
		HideSolutionNode = FALSE
	EndGlobalSection
	GlobalSection(ExtensibilityGlobals) = postSolution
		SolutionGuid = {DCE4E5F2-F5AD-4917-9832-36FE0B0C5969}
	EndGlobalSection
EndGlobal
